// !$*UTF8*$!
{
	archiveVersion = 1;
	classes = {
	};
	objectVersion = 56;
	objects = {

/* Begin PBXBuildFile section */
		527B71372C62A0A5003CC99D /* BeerTempApp.swift in Sources */ = {isa = PBXBuildFile; fileRef = 527B71362C62A0A5003CC99D /* BeerTempApp.swift */; };
		527B71392C62A0A5003CC99D /* TemperatureSensorListView.swift in Sources */ = {isa = PBXBuildFile; fileRef = 527B71382C62A0A5003CC99D /* TemperatureSensorListView.swift */; };
		527B713B2C62A0A7003CC99D /* Assets.xcassets in Resources */ = {isa = PBXBuildFile; fileRef = 527B713A2C62A0A7003CC99D /* Assets.xcassets */; };
		527B713F2C62A0A7003CC99D /* Preview Assets.xcassets in Resources */ = {isa = PBXBuildFile; fileRef = 527B713E2C62A0A7003CC99D /* Preview Assets.xcassets */; };
		527B71462C62A535003CC99D /* BluetoothTemperatureSensor.swift in Sources */ = {isa = PBXBuildFile; fileRef = 527B71452C62A535003CC99D /* BluetoothTemperatureSensor.swift */; };
		527B71492C63959E003CC99D /* BluetoothTemperatureSensorManager.swift in Sources */ = {isa = PBXBuildFile; fileRef = 527B71482C63959E003CC99D /* BluetoothTemperatureSensorManager.swift */; };
		527B714B2C639617003CC99D /* Data+Additions.swift in Sources */ = {isa = PBXBuildFile; fileRef = 527B714A2C639617003CC99D /* Data+Additions.swift */; };
		527B714D2C6396CA003CC99D /* CentralManagerDelegate.swift in Sources */ = {isa = PBXBuildFile; fileRef = 527B714C2C6396CA003CC99D /* CentralManagerDelegate.swift */; };
		527B71502C63A0DE003CC99D /* PeripheralDelegate.swift in Sources */ = {isa = PBXBuildFile; fileRef = 527B714F2C63A0DE003CC99D /* PeripheralDelegate.swift */; };
		527B71522C63A41F003CC99D /* TemperatureSensorCardView.swift in Sources */ = {isa = PBXBuildFile; fileRef = 527B71512C63A41F003CC99D /* TemperatureSensorCardView.swift */; };
/* End PBXBuildFile section */

/* Begin PBXFileReference section */
		527B71332C62A0A5003CC99D /* BeerTemp.app */ = {isa = PBXFileReference; explicitFileType = wrapper.application; includeInIndex = 0; path = BeerTemp.app; sourceTree = BUILT_PRODUCTS_DIR; };
		527B71362C62A0A5003CC99D /* BeerTempApp.swift */ = {isa = PBXFileReference; lastKnownFileType = sourcecode.swift; path = BeerTempApp.swift; sourceTree = "<group>"; };
		527B71382C62A0A5003CC99D /* TemperatureSensorListView.swift */ = {isa = PBXFileReference; lastKnownFileType = sourcecode.swift; path = TemperatureSensorListView.swift; sourceTree = "<group>"; };
		527B713A2C62A0A7003CC99D /* Assets.xcassets */ = {isa = PBXFileReference; lastKnownFileType = folder.assetcatalog; path = Assets.xcassets; sourceTree = "<group>"; };
		527B713C2C62A0A7003CC99D /* BeerTemp.entitlements */ = {isa = PBXFileReference; lastKnownFileType = text.plist.entitlements; path = BeerTemp.entitlements; sourceTree = "<group>"; };
		527B713E2C62A0A7003CC99D /* Preview Assets.xcassets */ = {isa = PBXFileReference; lastKnownFileType = folder.assetcatalog; path = "Preview Assets.xcassets"; sourceTree = "<group>"; };
		527B71452C62A535003CC99D /* BluetoothTemperatureSensor.swift */ = {isa = PBXFileReference; lastKnownFileType = sourcecode.swift; path = BluetoothTemperatureSensor.swift; sourceTree = "<group>"; };
		527B71472C62B25B003CC99D /* Info.plist */ = {isa = PBXFileReference; lastKnownFileType = text.plist; path = Info.plist; sourceTree = "<group>"; };
		527B71482C63959E003CC99D /* BluetoothTemperatureSensorManager.swift */ = {isa = PBXFileReference; lastKnownFileType = sourcecode.swift; path = BluetoothTemperatureSensorManager.swift; sourceTree = "<group>"; };
		527B714A2C639617003CC99D /* Data+Additions.swift */ = {isa = PBXFileReference; lastKnownFileType = sourcecode.swift; path = "Data+Additions.swift"; sourceTree = "<group>"; };
		527B714C2C6396CA003CC99D /* CentralManagerDelegate.swift */ = {isa = PBXFileReference; lastKnownFileType = sourcecode.swift; path = CentralManagerDelegate.swift; sourceTree = "<group>"; };
		527B714F2C63A0DE003CC99D /* PeripheralDelegate.swift */ = {isa = PBXFileReference; fileEncoding = 4; lastKnownFileType = sourcecode.swift; path = PeripheralDelegate.swift; sourceTree = "<group>"; };
		527B71512C63A41F003CC99D /* TemperatureSensorCardView.swift */ = {isa = PBXFileReference; lastKnownFileType = sourcecode.swift; path = TemperatureSensorCardView.swift; sourceTree = "<group>"; };
/* End PBXFileReference section */

/* Begin PBXFrameworksBuildPhase section */
		527B71302C62A0A5003CC99D /* Frameworks */ = {
			isa = PBXFrameworksBuildPhase;
			buildActionMask = 2147483647;
			files = (
			);
			runOnlyForDeploymentPostprocessing = 0;
		};
/* End PBXFrameworksBuildPhase section */

/* Begin PBXGroup section */
		527B712A2C62A0A5003CC99D = {
			isa = PBXGroup;
			children = (
				527B71352C62A0A5003CC99D /* BeerTemp */,
				527B71342C62A0A5003CC99D /* Products */,
			);
			sourceTree = "<group>";
		};
		527B71342C62A0A5003CC99D /* Products */ = {
			isa = PBXGroup;
			children = (
				527B71332C62A0A5003CC99D /* BeerTemp.app */,
			);
			name = Products;
			sourceTree = "<group>";
		};
		527B71352C62A0A5003CC99D /* BeerTemp */ = {
			isa = PBXGroup;
			children = (
				527B71472C62B25B003CC99D /* Info.plist */,
				527B71362C62A0A5003CC99D /* BeerTempApp.swift */,
				527B71382C62A0A5003CC99D /* TemperatureSensorListView.swift */,
				527B71512C63A41F003CC99D /* TemperatureSensorCardView.swift */,
				527B714E2C6396D1003CC99D /* Bluetooth */,
				527B714A2C639617003CC99D /* Data+Additions.swift */,
				527B713A2C62A0A7003CC99D /* Assets.xcassets */,
				527B713C2C62A0A7003CC99D /* BeerTemp.entitlements */,
				527B713D2C62A0A7003CC99D /* Preview Content */,
			);
			path = BeerTemp;
			sourceTree = "<group>";
		};
		527B713D2C62A0A7003CC99D /* Preview Content */ = {
			isa = PBXGroup;
			children = (
				527B713E2C62A0A7003CC99D /* Preview Assets.xcassets */,
			);
			path = "Preview Content";
			sourceTree = "<group>";
		};
		527B714E2C6396D1003CC99D /* Bluetooth */ = {
			isa = PBXGroup;
			children = (
				527B71482C63959E003CC99D /* BluetoothTemperatureSensorManager.swift */,
				527B71452C62A535003CC99D /* BluetoothTemperatureSensor.swift */,
				527B714C2C6396CA003CC99D /* CentralManagerDelegate.swift */,
				527B714F2C63A0DE003CC99D /* PeripheralDelegate.swift */,
			);
			path = Bluetooth;
			sourceTree = "<group>";
		};
/* End PBXGroup section */

/* Begin PBXNativeTarget section */
		527B71322C62A0A5003CC99D /* BeerTemp */ = {
			isa = PBXNativeTarget;
			buildConfigurationList = 527B71422C62A0A7003CC99D /* Build configuration list for PBXNativeTarget "BeerTemp" */;
			buildPhases = (
				527B712F2C62A0A5003CC99D /* Sources */,
				527B71302C62A0A5003CC99D /* Frameworks */,
				527B71312C62A0A5003CC99D /* Resources */,
			);
			buildRules = (
			);
			dependencies = (
			);
			name = BeerTemp;
			productName = BeerTemp;
			productReference = 527B71332C62A0A5003CC99D /* BeerTemp.app */;
			productType = "com.apple.product-type.application";
		};
/* End PBXNativeTarget section */

/* Begin PBXProject section */
		527B712B2C62A0A5003CC99D /* Project object */ = {
			isa = PBXProject;
			attributes = {
				BuildIndependentTargetsInParallel = 1;
				LastSwiftUpdateCheck = 1520;
				LastUpgradeCheck = 1520;
				TargetAttributes = {
					527B71322C62A0A5003CC99D = {
						CreatedOnToolsVersion = 15.2;
					};
				};
			};
			buildConfigurationList = 527B712E2C62A0A5003CC99D /* Build configuration list for PBXProject "BeerTemp" */;
			compatibilityVersion = "Xcode 14.0";
			developmentRegion = en;
			hasScannedForEncodings = 0;
			knownRegions = (
				en,
				Base,
			);
			mainGroup = 527B712A2C62A0A5003CC99D;
			productRefGroup = 527B71342C62A0A5003CC99D /* Products */;
			projectDirPath = "";
			projectRoot = "";
			targets = (
				527B71322C62A0A5003CC99D /* BeerTemp */,
			);
		};
/* End PBXProject section */

/* Begin PBXResourcesBuildPhase section */
		527B71312C62A0A5003CC99D /* Resources */ = {
			isa = PBXResourcesBuildPhase;
			buildActionMask = 2147483647;
			files = (
				527B713F2C62A0A7003CC99D /* Preview Assets.xcassets in Resources */,
				527B713B2C62A0A7003CC99D /* Assets.xcassets in Resources */,
			);
			runOnlyForDeploymentPostprocessing = 0;
		};
/* End PBXResourcesBuildPhase section */

/* Begin PBXSourcesBuildPhase section */
		527B712F2C62A0A5003CC99D /* Sources */ = {
			isa = PBXSourcesBuildPhase;
			buildActionMask = 2147483647;
			files = (
				527B714D2C6396CA003CC99D /* CentralManagerDelegate.swift in Sources */,
				527B71522C63A41F003CC99D /* TemperatureSensorCardView.swift in Sources */,
				527B71392C62A0A5003CC99D /* TemperatureSensorListView.swift in Sources */,
				527B71502C63A0DE003CC99D /* PeripheralDelegate.swift in Sources */,
				527B714B2C639617003CC99D /* Data+Additions.swift in Sources */,
				527B71372C62A0A5003CC99D /* BeerTempApp.swift in Sources */,
				527B71462C62A535003CC99D /* BluetoothTemperatureSensor.swift in Sources */,
				527B71492C63959E003CC99D /* BluetoothTemperatureSensorManager.swift in Sources */,
			);
			runOnlyForDeploymentPostprocessing = 0;
		};
/* End PBXSourcesBuildPhase section */

/* Begin XCBuildConfiguration section */
		527B71402C62A0A7003CC99D /* Debug */ = {
			isa = XCBuildConfiguration;
			buildSettings = {
				ALWAYS_SEARCH_USER_PATHS = NO;
				ASSETCATALOG_COMPILER_GENERATE_SWIFT_ASSET_SYMBOL_EXTENSIONS = YES;
				CLANG_ANALYZER_NONNULL = YES;
				CLANG_ANALYZER_NUMBER_OBJECT_CONVERSION = YES_AGGRESSIVE;
				CLANG_CXX_LANGUAGE_STANDARD = "gnu++20";
				CLANG_ENABLE_MODULES = YES;
				CLANG_ENABLE_OBJC_ARC = YES;
				CLANG_ENABLE_OBJC_WEAK = YES;
				CLANG_WARN_BLOCK_CAPTURE_AUTORELEASING = YES;
				CLANG_WARN_BOOL_CONVERSION = YES;
				CLANG_WARN_COMMA = YES;
				CLANG_WARN_CONSTANT_CONVERSION = YES;
				CLANG_WARN_DEPRECATED_OBJC_IMPLEMENTATIONS = YES;
				CLANG_WARN_DIRECT_OBJC_ISA_USAGE = YES_ERROR;
				CLANG_WARN_DOCUMENTATION_COMMENTS = YES;
				CLANG_WARN_EMPTY_BODY = YES;
				CLANG_WARN_ENUM_CONVERSION = YES;
				CLANG_WARN_INFINITE_RECURSION = YES;
				CLANG_WARN_INT_CONVERSION = YES;
				CLANG_WARN_NON_LITERAL_NULL_CONVERSION = YES;
				CLANG_WARN_OBJC_IMPLICIT_RETAIN_SELF = YES;
				CLANG_WARN_OBJC_LITERAL_CONVERSION = YES;
				CLANG_WARN_OBJC_ROOT_CLASS = YES_ERROR;
				CLANG_WARN_QUOTED_INCLUDE_IN_FRAMEWORK_HEADER = YES;
				CLANG_WARN_RANGE_LOOP_ANALYSIS = YES;
				CLANG_WARN_STRICT_PROTOTYPES = YES;
				CLANG_WARN_SUSPICIOUS_MOVE = YES;
				CLANG_WARN_UNGUARDED_AVAILABILITY = YES_AGGRESSIVE;
				CLANG_WARN_UNREACHABLE_CODE = YES;
				CLANG_WARN__DUPLICATE_METHOD_MATCH = YES;
				COPY_PHASE_STRIP = NO;
				DEBUG_INFORMATION_FORMAT = dwarf;
				ENABLE_STRICT_OBJC_MSGSEND = YES;
				ENABLE_TESTABILITY = YES;
				ENABLE_USER_SCRIPT_SANDBOXING = YES;
				GCC_C_LANGUAGE_STANDARD = gnu17;
				GCC_DYNAMIC_NO_PIC = NO;
				GCC_NO_COMMON_BLOCKS = YES;
				GCC_OPTIMIZATION_LEVEL = 0;
				GCC_PREPROCESSOR_DEFINITIONS = (
					"DEBUG=1",
					"$(inherited)",
				);
				GCC_WARN_64_TO_32_BIT_CONVERSION = YES;
				GCC_WARN_ABOUT_RETURN_TYPE = YES_ERROR;
				GCC_WARN_UNDECLARED_SELECTOR = YES;
				GCC_WARN_UNINITIALIZED_AUTOS = YES_AGGRESSIVE;
				GCC_WARN_UNUSED_FUNCTION = YES;
				GCC_WARN_UNUSED_VARIABLE = YES;
				LOCALIZATION_PREFERS_STRING_CATALOGS = YES;
				MTL_ENABLE_DEBUG_INFO = INCLUDE_SOURCE;
				MTL_FAST_MATH = YES;
				ONLY_ACTIVE_ARCH = YES;
				SWIFT_ACTIVE_COMPILATION_CONDITIONS = "DEBUG $(inherited)";
				SWIFT_OPTIMIZATION_LEVEL = "-Onone";
			};
			name = Debug;
		};
		527B71412C62A0A7003CC99D /* Release */ = {
			isa = XCBuildConfiguration;
			buildSettings = {
				ALWAYS_SEARCH_USER_PATHS = NO;
				ASSETCATALOG_COMPILER_GENERATE_SWIFT_ASSET_SYMBOL_EXTENSIONS = YES;
				CLANG_ANALYZER_NONNULL = YES;
				CLANG_ANALYZER_NUMBER_OBJECT_CONVERSION = YES_AGGRESSIVE;
				CLANG_CXX_LANGUAGE_STANDARD = "gnu++20";
				CLANG_ENABLE_MODULES = YES;
				CLANG_ENABLE_OBJC_ARC = YES;
				CLANG_ENABLE_OBJC_WEAK = YES;
				CLANG_WARN_BLOCK_CAPTURE_AUTORELEASING = YES;
				CLANG_WARN_BOOL_CONVERSION = YES;
				CLANG_WARN_COMMA = YES;
				CLANG_WARN_CONSTANT_CONVERSION = YES;
				CLANG_WARN_DEPRECATED_OBJC_IMPLEMENTATIONS = YES;
				CLANG_WARN_DIRECT_OBJC_ISA_USAGE = YES_ERROR;
				CLANG_WARN_DOCUMENTATION_COMMENTS = YES;
				CLANG_WARN_EMPTY_BODY = YES;
				CLANG_WARN_ENUM_CONVERSION = YES;
				CLANG_WARN_INFINITE_RECURSION = YES;
				CLANG_WARN_INT_CONVERSION = YES;
				CLANG_WARN_NON_LITERAL_NULL_CONVERSION = YES;
				CLANG_WARN_OBJC_IMPLICIT_RETAIN_SELF = YES;
				CLANG_WARN_OBJC_LITERAL_CONVERSION = YES;
				CLANG_WARN_OBJC_ROOT_CLASS = YES_ERROR;
				CLANG_WARN_QUOTED_INCLUDE_IN_FRAMEWORK_HEADER = YES;
				CLANG_WARN_RANGE_LOOP_ANALYSIS = YES;
				CLANG_WARN_STRICT_PROTOTYPES = YES;
				CLANG_WARN_SUSPICIOUS_MOVE = YES;
				CLANG_WARN_UNGUARDED_AVAILABILITY = YES_AGGRESSIVE;
				CLANG_WARN_UNREACHABLE_CODE = YES;
				CLANG_WARN__DUPLICATE_METHOD_MATCH = YES;
				COPY_PHASE_STRIP = NO;
				DEBUG_INFORMATION_FORMAT = "dwarf-with-dsym";
				ENABLE_NS_ASSERTIONS = NO;
				ENABLE_STRICT_OBJC_MSGSEND = YES;
				ENABLE_USER_SCRIPT_SANDBOXING = YES;
				GCC_C_LANGUAGE_STANDARD = gnu17;
				GCC_NO_COMMON_BLOCKS = YES;
				GCC_WARN_64_TO_32_BIT_CONVERSION = YES;
				GCC_WARN_ABOUT_RETURN_TYPE = YES_ERROR;
				GCC_WARN_UNDECLARED_SELECTOR = YES;
				GCC_WARN_UNINITIALIZED_AUTOS = YES_AGGRESSIVE;
				GCC_WARN_UNUSED_FUNCTION = YES;
				GCC_WARN_UNUSED_VARIABLE = YES;
				LOCALIZATION_PREFERS_STRING_CATALOGS = YES;
				MTL_ENABLE_DEBUG_INFO = NO;
				MTL_FAST_MATH = YES;
				SWIFT_COMPILATION_MODE = wholemodule;
			};
			name = Release;
		};
		527B71432C62A0A7003CC99D /* Debug */ = {
			isa = XCBuildConfiguration;
			buildSettings = {
				ASSETCATALOG_COMPILER_APPICON_NAME = AppIcon;
				ASSETCATALOG_COMPILER_GLOBAL_ACCENT_COLOR_NAME = AccentColor;
				CODE_SIGN_ENTITLEMENTS = BeerTemp/BeerTemp.entitlements;
				CODE_SIGN_STYLE = Automatic;
				CURRENT_PROJECT_VERSION = 1;
				DEVELOPMENT_ASSET_PATHS = "\"BeerTemp/Preview Content\"";
				DEVELOPMENT_TEAM = 6VC52FR9XZ;
				ENABLE_HARDENED_RUNTIME = YES;
				ENABLE_PREVIEWS = YES;
				GENERATE_INFOPLIST_FILE = YES;
				INFOPLIST_FILE = BeerTemp/Info.plist;
				INFOPLIST_KEY_NSBluetoothAlwaysUsageDescription = Test;
				"INFOPLIST_KEY_UIApplicationSceneManifest_Generation[sdk=iphoneos*]" = YES;
				"INFOPLIST_KEY_UIApplicationSceneManifest_Generation[sdk=iphonesimulator*]" = YES;
				"INFOPLIST_KEY_UIApplicationSupportsIndirectInputEvents[sdk=iphoneos*]" = YES;
				"INFOPLIST_KEY_UIApplicationSupportsIndirectInputEvents[sdk=iphonesimulator*]" = YES;
				"INFOPLIST_KEY_UILaunchScreen_Generation[sdk=iphoneos*]" = YES;
				"INFOPLIST_KEY_UILaunchScreen_Generation[sdk=iphonesimulator*]" = YES;
				"INFOPLIST_KEY_UIStatusBarStyle[sdk=iphoneos*]" = UIStatusBarStyleDefault;
				"INFOPLIST_KEY_UIStatusBarStyle[sdk=iphonesimulator*]" = UIStatusBarStyleDefault;
				INFOPLIST_KEY_UISupportedInterfaceOrientations_iPad = "UIInterfaceOrientationPortrait UIInterfaceOrientationPortraitUpsideDown UIInterfaceOrientationLandscapeLeft UIInterfaceOrientationLandscapeRight";
				INFOPLIST_KEY_UISupportedInterfaceOrientations_iPhone = "UIInterfaceOrientationPortrait UIInterfaceOrientationLandscapeLeft UIInterfaceOrientationLandscapeRight";
				IPHONEOS_DEPLOYMENT_TARGET = 17.2;
				LD_RUNPATH_SEARCH_PATHS = "@executable_path/Frameworks";
				"LD_RUNPATH_SEARCH_PATHS[sdk=macosx*]" = "@executable_path/../Frameworks";
				MACOSX_DEPLOYMENT_TARGET = 14.2;
				MARKETING_VERSION = 1.0;
				PRODUCT_BUNDLE_IDENTIFIER = at.arkulpa.konstantin.BeerTemp;
				PRODUCT_NAME = "$(TARGET_NAME)";
				SDKROOT = auto;
				SUPPORTED_PLATFORMS = "iphoneos iphonesimulator macosx";
				SWIFT_EMIT_LOC_STRINGS = YES;
				SWIFT_VERSION = 5.0;
				TARGETED_DEVICE_FAMILY = "1,2";
			};
			name = Debug;
		};
		527B71442C62A0A7003CC99D /* Release */ = {
			isa = XCBuildConfiguration;
			buildSettings = {
				ASSETCATALOG_COMPILER_APPICON_NAME = AppIcon;
				ASSETCATALOG_COMPILER_GLOBAL_ACCENT_COLOR_NAME = AccentColor;
				CODE_SIGN_ENTITLEMENTS = BeerTemp/BeerTemp.entitlements;
				CODE_SIGN_STYLE = Automatic;
				CURRENT_PROJECT_VERSION = 1;
				DEVELOPMENT_ASSET_PATHS = "\"BeerTemp/Preview Content\"";
				DEVELOPMENT_TEAM = 6VC52FR9XZ;
				ENABLE_HARDENED_RUNTIME = YES;
				ENABLE_PREVIEWS = YES;
				GENERATE_INFOPLIST_FILE = YES;
				INFOPLIST_FILE = BeerTemp/Info.plist;
				INFOPLIST_KEY_NSBluetoothAlwaysUsageDescription = Test;
				"INFOPLIST_KEY_UIApplicationSceneManifest_Generation[sdk=iphoneos*]" = YES;
				"INFOPLIST_KEY_UIApplicationSceneManifest_Generation[sdk=iphonesimulator*]" = YES;
				"INFOPLIST_KEY_UIApplicationSupportsIndirectInputEvents[sdk=iphoneos*]" = YES;
				"INFOPLIST_KEY_UIApplicationSupportsIndirectInputEvents[sdk=iphonesimulator*]" = YES;
				"INFOPLIST_KEY_UILaunchScreen_Generation[sdk=iphoneos*]" = YES;
				"INFOPLIST_KEY_UILaunchScreen_Generation[sdk=iphonesimulator*]" = YES;
				"INFOPLIST_KEY_UIStatusBarStyle[sdk=iphoneos*]" = UIStatusBarStyleDefault;
				"INFOPLIST_KEY_UIStatusBarStyle[sdk=iphonesimulator*]" = UIStatusBarStyleDefault;
				INFOPLIST_KEY_UISupportedInterfaceOrientations_iPad = "UIInterfaceOrientationPortrait UIInterfaceOrientationPortraitUpsideDown UIInterfaceOrientationLandscapeLeft UIInterfaceOrientationLandscapeRight";
				INFOPLIST_KEY_UISupportedInterfaceOrientations_iPhone = "UIInterfaceOrientationPortrait UIInterfaceOrientationLandscapeLeft UIInterfaceOrientationLandscapeRight";
				IPHONEOS_DEPLOYMENT_TARGET = 17.2;
				LD_RUNPATH_SEARCH_PATHS = "@executable_path/Frameworks";
				"LD_RUNPATH_SEARCH_PATHS[sdk=macosx*]" = "@executable_path/../Frameworks";
				MACOSX_DEPLOYMENT_TARGET = 14.2;
				MARKETING_VERSION = 1.0;
				PRODUCT_BUNDLE_IDENTIFIER = at.arkulpa.konstantin.BeerTemp;
				PRODUCT_NAME = "$(TARGET_NAME)";
				SDKROOT = auto;
				SUPPORTED_PLATFORMS = "iphoneos iphonesimulator macosx";
				SWIFT_EMIT_LOC_STRINGS = YES;
				SWIFT_VERSION = 5.0;
				TARGETED_DEVICE_FAMILY = "1,2";
			};
			name = Release;
		};
/* End XCBuildConfiguration section */

/* Begin XCConfigurationList section */
		527B712E2C62A0A5003CC99D /* Build configuration list for PBXProject "BeerTemp" */ = {
			isa = XCConfigurationList;
			buildConfigurations = (
				527B71402C62A0A7003CC99D /* Debug */,
				527B71412C62A0A7003CC99D /* Release */,
			);
			defaultConfigurationIsVisible = 0;
			defaultConfigurationName = Release;
		};
		527B71422C62A0A7003CC99D /* Build configuration list for PBXNativeTarget "BeerTemp" */ = {
			isa = XCConfigurationList;
			buildConfigurations = (
				527B71432C62A0A7003CC99D /* Debug */,
				527B71442C62A0A7003CC99D /* Release */,
			);
			defaultConfigurationIsVisible = 0;
			defaultConfigurationName = Release;
		};
/* End XCConfigurationList section */
	};
	rootObject = 527B712B2C62A0A5003CC99D /* Project object */;
}
